
Microsoft Visual Studio Solution File, Format Version 12.00
# Visual Studio Version 17
VisualStudioVersion = 17.14.36408.4
MinimumVisualStudioVersion = 10.0.40219.1
Project("{FAE04EC0-301F-11D3-BF4B-00C04F79EFBC}") = "ConsumerApi", "ConsumerApi\ConsumerApi.csproj", "{576B4039-EF66-414B-B9D0-69198C318457}"
EndProject
Project("{FAE04EC0-301F-11D3-BF4B-00C04F79EFBC}") = "ProducerApi", "ProducerApi\ProducerApi.csproj", "{0B6D72F9-6DD8-4A00-A58C-2DDA61639B9C}"
EndProject
Project("{2150E333-8FDC-42A3-9474-1A3956D46DE8}") = "Solution Items", "Solution Items", "{8EC462FD-D22E-90A8-E5CE-7E832BA40C5D}"
	ProjectSection(SolutionItems) = preProject
		ReadMe.md = ReadMe.md
	EndProjectSection
EndProject
Project("{FAE04EC0-301F-11D3-BF4B-00C04F79EFBC}") = "Dashboard", "Dashboard\Dashboard.csproj", "{64F43D24-227F-4A4C-8FD9-4B4EAE5A0EE6}"
EndProject
Project("{FAE04EC0-301F-11D3-BF4B-00C04F79EFBC}") = "ConfigApi", "ConfigApi\ConfigApi.csproj", "{22C239DF-BDA2-4E9E-85A0-AC5765D68C7A}"
EndProject
Global
	GlobalSection(SolutionConfigurationPlatforms) = preSolution
		Debug|Any CPU = Debug|Any CPU
		Release|Any CPU = Release|Any CPU
	EndGlobalSection
	GlobalSection(ProjectConfigurationPlatforms) = postSolution
		{576B4039-EF66-414B-B9D0-69198C318457}.Debug|Any CPU.ActiveCfg = Debug|Any CPU
		{576B4039-EF66-414B-B9D0-69198C318457}.Debug|Any CPU.Build.0 = Debug|Any CPU
		{576B4039-EF66-414B-B9D0-69198C318457}.Release|Any CPU.ActiveCfg = Release|Any CPU
		{576B4039-EF66-414B-B9D0-69198C318457}.Release|Any CPU.Build.0 = Release|Any CPU
		{0B6D72F9-6DD8-4A00-A58C-2DDA61639B9C}.Debug|Any CPU.ActiveCfg = Debug|Any CPU
		{0B6D72F9-6DD8-4A00-A58C-2DDA61639B9C}.Debug|Any CPU.Build.0 = Debug|Any CPU
		{0B6D72F9-6DD8-4A00-A58C-2DDA61639B9C}.Release|Any CPU.ActiveCfg = Release|Any CPU
		{0B6D72F9-6DD8-4A00-A58C-2DDA61639B9C}.Release|Any CPU.Build.0 = Release|Any CPU
		{64F43D24-227F-4A4C-8FD9-4B4EAE5A0EE6}.Debug|Any CPU.ActiveCfg = Debug|Any CPU
		{64F43D24-227F-4A4C-8FD9-4B4EAE5A0EE6}.Debug|Any CPU.Build.0 = Debug|Any CPU
		{64F43D24-227F-4A4C-8FD9-4B4EAE5A0EE6}.Release|Any CPU.ActiveCfg = Release|Any CPU
		{64F43D24-227F-4A4C-8FD9-4B4EAE5A0EE6}.Release|Any CPU.Build.0 = Release|Any CPU
		{22C239DF-BDA2-4E9E-85A0-AC5765D68C7A}.Debug|Any CPU.ActiveCfg = Debug|Any CPU
		{22C239DF-BDA2-4E9E-85A0-AC5765D68C7A}.Debug|Any CPU.Build.0 = Debug|Any CPU
		{22C239DF-BDA2-4E9E-85A0-AC5765D68C7A}.Release|Any CPU.ActiveCfg = Release|Any CPU
		{22C239DF-BDA2-4E9E-85A0-AC5765D68C7A}.Release|Any CPU.Build.0 = Release|Any CPU
	EndGlobalSection
	GlobalSection(SolutionProperties) = preSolution
		HideSolutionNode = FALSE
	EndGlobalSection
	GlobalSection(ExtensibilityGlobals) = postSolution
		SolutionGuid = {232554B7-D4BA-4684-AB92-B1BEDE3F8892}
	EndGlobalSection
EndGlobal
